
Microsoft Visual Studio Solution File, Format Version 12.00
# Visual Studio Version 17
VisualStudioVersion = 17.9.34723.18
MinimumVisualStudioVersion = 10.0.40219.1
Project("{8BC9CEB8-8B4A-11D0-8D11-00A0C91BC942}") = "240517_baseball", "240517_baseball\240517_baseball.vcxproj", "{7E3CC6EC-69B0-45FC-9E7E-7E151D63D544}"
EndProject
Project("{8BC9CEB8-8B4A-11D0-8D11-00A0C91BC942}") = "Sample-Test1", "Sample-Test1\Sample-Test1.vcxproj", "{ACFA758F-F7F2-4474-9552-595F26C88621}"
EndProject
Project("{2150E333-8FDC-42A3-9474-1A3956D46DE8}") = "Solution Items", "Solution Items", "{FC347EF4-F250-4F5A-9E6D-B719F4912C19}"
	ProjectSection(SolutionItems) = preProject
		.editorconfig = .editorconfig
		.gitignore = .gitignore
		README.md = README.md
	EndProjectSection
EndProject
Global
	GlobalSection(SolutionConfigurationPlatforms) = preSolution
		Debug|x64 = Debug|x64
		Debug|x86 = Debug|x86
		Release|x64 = Release|x64
		Release|x86 = Release|x86
	EndGlobalSection
	GlobalSection(ProjectConfigurationPlatforms) = postSolution
		{7E3CC6EC-69B0-45FC-9E7E-7E151D63D544}.Debug|x64.ActiveCfg = Debug|x64
		{7E3CC6EC-69B0-45FC-9E7E-7E151D63D544}.Debug|x64.Build.0 = Debug|x64
		{7E3CC6EC-69B0-45FC-9E7E-7E151D63D544}.Debug|x86.ActiveCfg = Debug|Win32
		{7E3CC6EC-69B0-45FC-9E7E-7E151D63D544}.Debug|x86.Build.0 = Debug|Win32
		{7E3CC6EC-69B0-45FC-9E7E-7E151D63D544}.Release|x64.ActiveCfg = Release|x64
		{7E3CC6EC-69B0-45FC-9E7E-7E151D63D544}.Release|x64.Build.0 = Release|x64
		{7E3CC6EC-69B0-45FC-9E7E-7E151D63D544}.Release|x86.ActiveCfg = Release|Win32
		{7E3CC6EC-69B0-45FC-9E7E-7E151D63D544}.Release|x86.Build.0 = Release|Win32
		{ACFA758F-F7F2-4474-9552-595F26C88621}.Debug|x64.ActiveCfg = Debug|x64
		{ACFA758F-F7F2-4474-9552-595F26C88621}.Debug|x64.Build.0 = Debug|x64
		{ACFA758F-F7F2-4474-9552-595F26C88621}.Debug|x86.ActiveCfg = Debug|Win32
		{ACFA758F-F7F2-4474-9552-595F26C88621}.Debug|x86.Build.0 = Debug|Win32
		{ACFA758F-F7F2-4474-9552-595F26C88621}.Release|x64.ActiveCfg = Release|x64
		{ACFA758F-F7F2-4474-9552-595F26C88621}.Release|x64.Build.0 = Release|x64
		{ACFA758F-F7F2-4474-9552-595F26C88621}.Release|x86.ActiveCfg = Release|Win32
		{ACFA758F-F7F2-4474-9552-595F26C88621}.Release|x86.Build.0 = Release|Win32
	EndGlobalSection
	GlobalSection(SolutionProperties) = preSolution
		HideSolutionNode = FALSE
	EndGlobalSection
	GlobalSection(ExtensibilityGlobals) = postSolution
		SolutionGuid = {7D3E9D72-58B0-4FF5-9A9E-620A9DF1E152}
	EndGlobalSection
EndGlobal
